
Microsoft Visual Studio Solution File, Format Version 12.00
# Visual Studio 15
VisualStudioVersion = 15.0.26730.16
MinimumVisualStudioVersion = 10.0.40219.1
Project("{FAE04EC0-301F-11D3-BF4B-00C04F79EFBC}") = "Course", "Course\Course.csproj", "{97107AD7-D2C4-44A9-8DB2-21CC2E517A69}"
EndProject
Global
	GlobalSection(SolutionConfigurationPlatforms) = preSolution
		Debug|Any CPU = Debug|Any CPU
		Release|Any CPU = Release|Any CPU
	EndGlobalSection
	GlobalSection(ProjectConfigurationPlatforms) = postSolution
		{97107AD7-D2C4-44A9-8DB2-21CC2E517A69}.Debug|Any CPU.ActiveCfg = Debug|Any CPU
		{97107AD7-D2C4-44A9-8DB2-21CC2E517A69}.Debug|Any CPU.Build.0 = Debug|Any CPU
		{97107AD7-D2C4-44A9-8DB2-21CC2E517A69}.Release|Any CPU.ActiveCfg = Release|Any CPU
		{97107AD7-D2C4-44A9-8DB2-21CC2E517A69}.Release|Any CPU.Build.0 = Release|Any CPU
	EndGlobalSection
	GlobalSection(SolutionProperties) = preSolution
		HideSolutionNode = FALSE
	EndGlobalSection
	GlobalSection(ExtensibilityGlobals) = postSolution
		SolutionGuid = {8BD6B8FC-605A-4F90-AE69-78182D41FE8D}
	EndGlobalSection
EndGlobal
